
Microsoft Visual Studio Solution File, Format Version 12.00
# Visual Studio Version 17
VisualStudioVersion = 17.6.33829.357
MinimumVisualStudioVersion = 10.0.40219.1
Project("{FAE04EC0-301F-11D3-BF4B-00C04F79EFBC}") = "Fit5032_MyModelFirst", "Fit5032_MyModelFirst\Fit5032_MyModelFirst.csproj", "{D693057B-2E0C-425A-8225-75B42CA58E38}"
EndProject
Global
	GlobalSection(SolutionConfigurationPlatforms) = preSolution
		Debug|Any CPU = Debug|Any CPU
		Release|Any CPU = Release|Any CPU
	EndGlobalSection
	GlobalSection(ProjectConfigurationPlatforms) = postSolution
		{D693057B-2E0C-425A-8225-75B42CA58E38}.Debug|Any CPU.ActiveCfg = Debug|Any CPU
		{D693057B-2E0C-425A-8225-75B42CA58E38}.Debug|Any CPU.Build.0 = Debug|Any CPU
		{D693057B-2E0C-425A-8225-75B42CA58E38}.Release|Any CPU.ActiveCfg = Release|Any CPU
		{D693057B-2E0C-425A-8225-75B42CA58E38}.Release|Any CPU.Build.0 = Release|Any CPU
	EndGlobalSection
	GlobalSection(SolutionProperties) = preSolution
		HideSolutionNode = FALSE
	EndGlobalSection
	GlobalSection(ExtensibilityGlobals) = postSolution
		SolutionGuid = {F7BA4E5F-88B9-4AD0-92B0-84E89882D045}
	EndGlobalSection
EndGlobal
